
Microsoft Visual Studio Solution File, Format Version 12.00
# Visual Studio Version 17
VisualStudioVersion = 17.0.32112.339
MinimumVisualStudioVersion = 10.0.40219.1
Project("{FAE04EC0-301F-11D3-BF4B-00C04F79EFBC}") = "AddRevitFiles", "AddRevitFiles\AddRevitFiles.csproj", "{5FC7E6C7-0329-4FED-9975-A8218C14735D}"
EndProject
Global
	GlobalSection(SolutionConfigurationPlatforms) = preSolution
		Debug|Any CPU = Debug|Any CPU
		Debug|x64 = Debug|x64
		Release|Any CPU = Release|Any CPU
		Release|x64 = Release|x64
	EndGlobalSection
	GlobalSection(ProjectConfigurationPlatforms) = postSolution
		{5FC7E6C7-0329-4FED-9975-A8218C14735D}.Debug|Any CPU.ActiveCfg = Debug|Any CPU
		{5FC7E6C7-0329-4FED-9975-A8218C14735D}.Debug|Any CPU.Build.0 = Debug|Any CPU
		{5FC7E6C7-0329-4FED-9975-A8218C14735D}.Debug|x64.ActiveCfg = Debug|x64
		{5FC7E6C7-0329-4FED-9975-A8218C14735D}.Debug|x64.Build.0 = Debug|x64
		{5FC7E6C7-0329-4FED-9975-A8218C14735D}.Release|Any CPU.ActiveCfg = Release|Any CPU
		{5FC7E6C7-0329-4FED-9975-A8218C14735D}.Release|Any CPU.Build.0 = Release|Any CPU
		{5FC7E6C7-0329-4FED-9975-A8218C14735D}.Release|x64.ActiveCfg = Release|x64
		{5FC7E6C7-0329-4FED-9975-A8218C14735D}.Release|x64.Build.0 = Release|x64
	EndGlobalSection
	GlobalSection(SolutionProperties) = preSolution
		HideSolutionNode = FALSE
	EndGlobalSection
	GlobalSection(ExtensibilityGlobals) = postSolution
		SolutionGuid = {2CEA9C26-3C54-4020-ABF0-0A26E3DFA806}
	EndGlobalSection
EndGlobal
